
Microsoft Visual Studio Solution File, Format Version 12.00
# Visual Studio 2015
Project("{FAE04EC0-301F-11D3-BF4B-00C04F79EFBC}") = "Unity3d Lessons.Plugins", "Unity3d Lessons.Plugins.csproj", "{ADF9EBCF-AA46-8D19-9BBA-17745D9C040D}"
EndProject
Project("{FAE04EC0-301F-11D3-BF4B-00C04F79EFBC}") = "Unity3d Lessons", "Unity3d Lessons.csproj", "{4D8E39D5-C12E-DB1E-65D4-7D167F09D0D7}"
EndProject
Project("{FAE04EC0-301F-11D3-BF4B-00C04F79EFBC}") = "Unity3d Lessons.Editor", "Unity3d Lessons.Editor.csproj", "{A0078C9E-3E99-94C8-F4CD-525E397C10FF}"
EndProject
Global
	GlobalSection(SolutionConfigurationPlatforms) = preSolution
		Debug|Any CPU = Debug|Any CPU
		Release|Any CPU = Release|Any CPU
	EndGlobalSection
	GlobalSection(ProjectConfigurationPlatforms) = postSolution
		{ADF9EBCF-AA46-8D19-9BBA-17745D9C040D}.Debug|Any CPU.ActiveCfg = Debug|Any CPU
		{ADF9EBCF-AA46-8D19-9BBA-17745D9C040D}.Debug|Any CPU.Build.0 = Debug|Any CPU
		{ADF9EBCF-AA46-8D19-9BBA-17745D9C040D}.Release|Any CPU.ActiveCfg = Release|Any CPU
		{ADF9EBCF-AA46-8D19-9BBA-17745D9C040D}.Release|Any CPU.Build.0 = Release|Any CPU
		{4D8E39D5-C12E-DB1E-65D4-7D167F09D0D7}.Debug|Any CPU.ActiveCfg = Debug|Any CPU
		{4D8E39D5-C12E-DB1E-65D4-7D167F09D0D7}.Debug|Any CPU.Build.0 = Debug|Any CPU
		{4D8E39D5-C12E-DB1E-65D4-7D167F09D0D7}.Release|Any CPU.ActiveCfg = Release|Any CPU
		{4D8E39D5-C12E-DB1E-65D4-7D167F09D0D7}.Release|Any CPU.Build.0 = Release|Any CPU
		{A0078C9E-3E99-94C8-F4CD-525E397C10FF}.Debug|Any CPU.ActiveCfg = Debug|Any CPU
		{A0078C9E-3E99-94C8-F4CD-525E397C10FF}.Debug|Any CPU.Build.0 = Debug|Any CPU
		{A0078C9E-3E99-94C8-F4CD-525E397C10FF}.Release|Any CPU.ActiveCfg = Release|Any CPU
		{A0078C9E-3E99-94C8-F4CD-525E397C10FF}.Release|Any CPU.Build.0 = Release|Any CPU
	EndGlobalSection
	GlobalSection(SolutionProperties) = preSolution
		HideSolutionNode = FALSE
	EndGlobalSection
EndGlobal
