Microsoft Visual Studio Solution File, Format Version 11.00
# Visual Studio 2008

Project("{3E743F42-D823-EC55-3110-18EEF5975DD3}") = "Unity3d Lessons", "Assembly-CSharp-firstpass.csproj", "{4F244575-A1EA-BAE8-EE75-A5266E0A1BC3}"
EndProject
Project("{3E743F42-D823-EC55-3110-18EEF5975DD3}") = "Unity3d Lessons", "Assembly-CSharp.csproj", "{78FF04F5-435F-6CCC-B8FD-0741613A7B3A}"
EndProject
Project("{3E743F42-D823-EC55-3110-18EEF5975DD3}") = "Unity3d Lessons", "Assembly-CSharp-Editor.csproj", "{D9BDA5B4-AE78-3D80-07C1-9F5C483AD86E}"
EndProject
Global
	GlobalSection(SolutionConfigurationPlatforms) = preSolution
		Debug|Any CPU = Debug|Any CPU
		Release|Any CPU = Release|Any CPU
	EndGlobalSection
	GlobalSection(ProjectConfigurationPlatforms) = postSolution
		{4F244575-A1EA-BAE8-EE75-A5266E0A1BC3}.Debug|Any CPU.ActiveCfg = Debug|Any CPU
		{4F244575-A1EA-BAE8-EE75-A5266E0A1BC3}.Debug|Any CPU.Build.0 = Debug|Any CPU
		{4F244575-A1EA-BAE8-EE75-A5266E0A1BC3}.Release|Any CPU.ActiveCfg = Release|Any CPU
		{4F244575-A1EA-BAE8-EE75-A5266E0A1BC3}.Release|Any CPU.Build.0 = Release|Any CPU
		{78FF04F5-435F-6CCC-B8FD-0741613A7B3A}.Debug|Any CPU.ActiveCfg = Debug|Any CPU
		{78FF04F5-435F-6CCC-B8FD-0741613A7B3A}.Debug|Any CPU.Build.0 = Debug|Any CPU
		{78FF04F5-435F-6CCC-B8FD-0741613A7B3A}.Release|Any CPU.ActiveCfg = Release|Any CPU
		{78FF04F5-435F-6CCC-B8FD-0741613A7B3A}.Release|Any CPU.Build.0 = Release|Any CPU
		{D9BDA5B4-AE78-3D80-07C1-9F5C483AD86E}.Debug|Any CPU.ActiveCfg = Debug|Any CPU
		{D9BDA5B4-AE78-3D80-07C1-9F5C483AD86E}.Debug|Any CPU.Build.0 = Debug|Any CPU
		{D9BDA5B4-AE78-3D80-07C1-9F5C483AD86E}.Release|Any CPU.ActiveCfg = Release|Any CPU
		{D9BDA5B4-AE78-3D80-07C1-9F5C483AD86E}.Release|Any CPU.Build.0 = Release|Any CPU
	EndGlobalSection
	GlobalSection(SolutionProperties) = preSolution
		HideSolutionNode = FALSE
	EndGlobalSection
	GlobalSection(MonoDevelopProperties) = preSolution
		StartupItem = Assembly-CSharp.csproj
	EndGlobalSection
EndGlobal
